
Microsoft Visual Studio Solution File, Format Version 12.00
# Visual Studio Version 16
VisualStudioVersion = 16.0.30114.105
MinimumVisualStudioVersion = 10.0.40219.1
Project("{9A19103F-16F7-4668-BE54-9A1E7A4F7556}") = "Complementar20201", "Complementar20201.csproj", "{BC08776A-0458-44D6-9F50-B64C82350F1B}"
EndProject
Global
	GlobalSection(SolutionConfigurationPlatforms) = preSolution
		Debug|Any CPU = Debug|Any CPU
		Release|Any CPU = Release|Any CPU
	EndGlobalSection
	GlobalSection(ProjectConfigurationPlatforms) = postSolution
		{BC08776A-0458-44D6-9F50-B64C82350F1B}.Debug|Any CPU.ActiveCfg = Debug|Any CPU
		{BC08776A-0458-44D6-9F50-B64C82350F1B}.Debug|Any CPU.Build.0 = Debug|Any CPU
		{BC08776A-0458-44D6-9F50-B64C82350F1B}.Release|Any CPU.ActiveCfg = Release|Any CPU
		{BC08776A-0458-44D6-9F50-B64C82350F1B}.Release|Any CPU.Build.0 = Release|Any CPU
	EndGlobalSection
	GlobalSection(SolutionProperties) = preSolution
		HideSolutionNode = FALSE
	EndGlobalSection
	GlobalSection(ExtensibilityGlobals) = postSolution
		SolutionGuid = {A6206E6D-BE90-438E-B291-169B9868E25D}
	EndGlobalSection
EndGlobal
